
Microsoft Visual Studio Solution File, Format Version 12.00
# Visual Studio Version 16
VisualStudioVersion = 16.0.31424.327
MinimumVisualStudioVersion = 10.0.40219.1
Project("{FAE04EC0-301F-11D3-BF4B-00C04F79EFBC}") = "GUI", "GUI\GUI.csproj", "{FED0F647-853D-4F5D-B6C1-B03211298A18}"
EndProject
Project("{FAE04EC0-301F-11D3-BF4B-00C04F79EFBC}") = "BL", "BL\BL.csproj", "{F1F382FF-4790-45F1-84B1-61C6AE9685AA}"
EndProject
Project("{FAE04EC0-301F-11D3-BF4B-00C04F79EFBC}") = "DAL", "DAL\DAL.csproj", "{AA153C01-D36A-413B-837E-BF7817D85759}"
EndProject
Project("{FAE04EC0-301F-11D3-BF4B-00C04F79EFBC}") = "DTO", "Entities\DTO.csproj", "{31A01456-85CF-4D8E-889A-ACC70BF56233}"
EndProject
Global
	GlobalSection(SolutionConfigurationPlatforms) = preSolution
		Debug|Any CPU = Debug|Any CPU
		Release|Any CPU = Release|Any CPU
	EndGlobalSection
	GlobalSection(ProjectConfigurationPlatforms) = postSolution
		{FED0F647-853D-4F5D-B6C1-B03211298A18}.Debug|Any CPU.ActiveCfg = Debug|Any CPU
		{FED0F647-853D-4F5D-B6C1-B03211298A18}.Debug|Any CPU.Build.0 = Debug|Any CPU
		{FED0F647-853D-4F5D-B6C1-B03211298A18}.Release|Any CPU.ActiveCfg = Release|Any CPU
		{FED0F647-853D-4F5D-B6C1-B03211298A18}.Release|Any CPU.Build.0 = Release|Any CPU
		{F1F382FF-4790-45F1-84B1-61C6AE9685AA}.Debug|Any CPU.ActiveCfg = Debug|Any CPU
		{F1F382FF-4790-45F1-84B1-61C6AE9685AA}.Debug|Any CPU.Build.0 = Debug|Any CPU
		{F1F382FF-4790-45F1-84B1-61C6AE9685AA}.Release|Any CPU.ActiveCfg = Release|Any CPU
		{F1F382FF-4790-45F1-84B1-61C6AE9685AA}.Release|Any CPU.Build.0 = Release|Any CPU
		{AA153C01-D36A-413B-837E-BF7817D85759}.Debug|Any CPU.ActiveCfg = Debug|Any CPU
		{AA153C01-D36A-413B-837E-BF7817D85759}.Debug|Any CPU.Build.0 = Debug|Any CPU
		{AA153C01-D36A-413B-837E-BF7817D85759}.Release|Any CPU.ActiveCfg = Release|Any CPU
		{AA153C01-D36A-413B-837E-BF7817D85759}.Release|Any CPU.Build.0 = Release|Any CPU
		{31A01456-85CF-4D8E-889A-ACC70BF56233}.Debug|Any CPU.ActiveCfg = Debug|Any CPU
		{31A01456-85CF-4D8E-889A-ACC70BF56233}.Debug|Any CPU.Build.0 = Debug|Any CPU
		{31A01456-85CF-4D8E-889A-ACC70BF56233}.Release|Any CPU.ActiveCfg = Release|Any CPU
		{31A01456-85CF-4D8E-889A-ACC70BF56233}.Release|Any CPU.Build.0 = Release|Any CPU
	EndGlobalSection
	GlobalSection(SolutionProperties) = preSolution
		HideSolutionNode = FALSE
	EndGlobalSection
	GlobalSection(ExtensibilityGlobals) = postSolution
		SolutionGuid = {4216C121-F5B1-4969-BC7C-B69859489384}
	EndGlobalSection
EndGlobal
